
Microsoft Visual Studio Solution File, Format Version 12.00
# Visual Studio Version 17
VisualStudioVersion = 17.4.33213.308
MinimumVisualStudioVersion = 10.0.40219.1
Project("{9A19103F-16F7-4668-BE54-9A1E7A4F7556}") = "EmployeeBackend", "EmployeeBackend\EmployeeBackend.csproj", "{9A6D274E-6AED-4972-AE12-1882CC4442B7}"
EndProject
Global
	GlobalSection(SolutionConfigurationPlatforms) = preSolution
		Debug|Any CPU = Debug|Any CPU
		Release|Any CPU = Release|Any CPU
	EndGlobalSection
	GlobalSection(ProjectConfigurationPlatforms) = postSolution
		{9A6D274E-6AED-4972-AE12-1882CC4442B7}.Debug|Any CPU.ActiveCfg = Debug|Any CPU
		{9A6D274E-6AED-4972-AE12-1882CC4442B7}.Debug|Any CPU.Build.0 = Debug|Any CPU
		{9A6D274E-6AED-4972-AE12-1882CC4442B7}.Release|Any CPU.ActiveCfg = Release|Any CPU
		{9A6D274E-6AED-4972-AE12-1882CC4442B7}.Release|Any CPU.Build.0 = Release|Any CPU
	EndGlobalSection
	GlobalSection(SolutionProperties) = preSolution
		HideSolutionNode = FALSE
	EndGlobalSection
	GlobalSection(ExtensibilityGlobals) = postSolution
		SolutionGuid = {548FE3BD-446A-4AB6-8A47-664DB4C79921}
	EndGlobalSection
EndGlobal
